
Microsoft Visual Studio Solution File, Format Version 12.00
# Visual Studio Version 16
VisualStudioVersion = 16.0.30804.86
MinimumVisualStudioVersion = 10.0.40219.1
Project("{8BC9CEB8-8B4A-11D0-8D11-00A0C91BC942}") = "Project_2_Name_TBD", "Project_2_Name_TBD.vcxproj", "{FDA71D21-DD17-4BE2-8584-7488E4CCC6FA}"
	ProjectSection(ProjectDependencies) = postProject
		{E119FBFE-6566-4791-9263-CB6276321346} = {E119FBFE-6566-4791-9263-CB6276321346}
	EndProjectSection
EndProject
Project("{8BC9CEB8-8B4A-11D0-8D11-00A0C91BC942}") = "soloud_lib", "soloud_lib\soloud_lib.vcxproj", "{E119FBFE-6566-4791-9263-CB6276321346}"
EndProject
Global
	GlobalSection(SolutionConfigurationPlatforms) = preSolution
		Debug|x64 = Debug|x64
		Debug|x86 = Debug|x86
		Release|x64 = Release|x64
		Release|x86 = Release|x86
	EndGlobalSection
	GlobalSection(ProjectConfigurationPlatforms) = postSolution
		{FDA71D21-DD17-4BE2-8584-7488E4CCC6FA}.Debug|x64.ActiveCfg = Debug|x64
		{FDA71D21-DD17-4BE2-8584-7488E4CCC6FA}.Debug|x64.Build.0 = Debug|x64
		{FDA71D21-DD17-4BE2-8584-7488E4CCC6FA}.Debug|x86.ActiveCfg = Debug|Win32
		{FDA71D21-DD17-4BE2-8584-7488E4CCC6FA}.Debug|x86.Build.0 = Debug|Win32
		{FDA71D21-DD17-4BE2-8584-7488E4CCC6FA}.Release|x64.ActiveCfg = Release|x64
		{FDA71D21-DD17-4BE2-8584-7488E4CCC6FA}.Release|x64.Build.0 = Release|x64
		{FDA71D21-DD17-4BE2-8584-7488E4CCC6FA}.Release|x86.ActiveCfg = Release|Win32
		{FDA71D21-DD17-4BE2-8584-7488E4CCC6FA}.Release|x86.Build.0 = Release|Win32
		{E119FBFE-6566-4791-9263-CB6276321346}.Debug|x64.ActiveCfg = Debug|x64
		{E119FBFE-6566-4791-9263-CB6276321346}.Debug|x64.Build.0 = Debug|x64
		{E119FBFE-6566-4791-9263-CB6276321346}.Debug|x86.ActiveCfg = Debug|Win32
		{E119FBFE-6566-4791-9263-CB6276321346}.Debug|x86.Build.0 = Debug|Win32
		{E119FBFE-6566-4791-9263-CB6276321346}.Release|x64.ActiveCfg = Release|x64
		{E119FBFE-6566-4791-9263-CB6276321346}.Release|x64.Build.0 = Release|x64
		{E119FBFE-6566-4791-9263-CB6276321346}.Release|x86.ActiveCfg = Release|Win32
		{E119FBFE-6566-4791-9263-CB6276321346}.Release|x86.Build.0 = Release|Win32
	EndGlobalSection
	GlobalSection(SolutionProperties) = preSolution
		HideSolutionNode = FALSE
	EndGlobalSection
	GlobalSection(ExtensibilityGlobals) = postSolution
		SolutionGuid = {82B1D77C-8FE5-4653-A33F-DEDCCD7F9E40}
	EndGlobalSection
EndGlobal
